# This file is automatically @generated by Cargo.
# It is not intended for manual editing.
version = 4

[[package]]
name = "cineharbor-core"
version = "0.1.0"

[[package]]
name = "cineharbor-download"
version = "0.1.0"

[[package]]
name = "cineharbor-local-service"
version = "0.1.0"

[[package]]
name = "cineharbor-profile"
version = "0.1.0"

[[package]]
name = "cineharbor-storage"
version = "0.1.0"

[[package]]
name = "cineharbor-sync"
version = "0.1.0"
